{
  "name": "docsite",
  "lockfileVersion": 2,
  "requires": true,
  "packages": {
    "": {
      "dependencies": {
        "@codemirror/lang-css": "^6.0.2",
        "@codemirror/lang-html": "^6.4.2",
        "@codemirror/lang-javascript": "^6.1.4",
        "@jam-do/jam-tools": "^0.0.4",
        "@types/node": "^18.7.23",
        "codemirror": "^6.0.1",
        "highlight.js": "^11.6.0",
        "marked": "^4.1.0"
      },
      "devDependencies": {
        "@symbiotejs/symbiote": "^1.11.6",
        "esbuild": "^0.17.10"
      }
    },
    "node_modules/@codemirror/autocomplete": {
      "version": "6.4.2",
      "resolved": "https://registry.npmjs.org/@codemirror/autocomplete/-/autocomplete-6.4.2.tgz",
      "integrity": "sha512-8WE2xp+D0MpWEv5lZ6zPW1/tf4AGb358T5GWYiKEuCP8MvFfT3tH2mIF9Y2yr2e3KbHuSvsVhosiEyqCpiJhZQ==",
      "dependencies": {
        "@codemirror/language": "^6.0.0",
        "@codemirror/state": "^6.0.0",
        "@codemirror/view": "^6.6.0",
        "@lezer/common": "^1.0.0"
      },
      "peerDependencies": {
        "@codemirror/language": "^6.0.0",
        "@codemirror/state": "^6.0.0",
        "@codemirror/view": "^6.0.0",
        "@lezer/common": "^1.0.0"
      }
    },
    "node_modules/@codemirror/commands": {
      "version": "6.2.1",
      "resolved": "https://registry.npmjs.org/@codemirror/commands/-/commands-6.2.1.tgz",
      "integrity": "sha512-FFiNKGuHA5O8uC6IJE5apI5rT9gyjlw4whqy4vlcX0wE/myxL6P1s0upwDhY4HtMWLOwzwsp0ap3bjdQhvfDOA==",
      "dependencies": {
        "@codemirror/language": "^6.0.0",
        "@codemirror/state": "^6.2.0",
        "@codemirror/view": "^6.0.0",
        "@lezer/common": "^1.0.0"
      }
    },
    "node_modules/@codemirror/lang-css": {
      "version": "6.0.2",
      "resolved": "https://registry.npmjs.org/@codemirror/lang-css/-/lang-css-6.0.2.tgz",
      "integrity": "sha512-4V4zmUOl2Glx0GWw0HiO1oGD4zvMlIQ3zx5hXOE6ipCjhohig2bhWRAasrZylH9pRNTcl1VMa59Lsl8lZWlTzw==",
      "dependencies": {
        "@codemirror/autocomplete": "^6.0.0",
        "@codemirror/language": "^6.0.0",
        "@codemirror/state": "^6.0.0",
        "@lezer/css": "^1.0.0"
      }
    },
    "node_modules/@codemirror/lang-html": {
      "version": "6.4.2",
      "resolved": "https://registry.npmjs.org/@codemirror/lang-html/-/lang-html-6.4.2.tgz",
      "integrity": "sha512-bqCBASkteKySwtIbiV/WCtGnn/khLRbbiV5TE+d9S9eQJD7BA4c5dTRm2b3bVmSpilff5EYxvB4PQaZzM/7cNw==",
      "dependencies": {
        "@codemirror/autocomplete": "^6.0.0",
        "@codemirror/lang-css": "^6.0.0",
        "@codemirror/lang-javascript": "^6.0.0",
        "@codemirror/language": "^6.4.0",
        "@codemirror/state": "^6.0.0",
        "@codemirror/view": "^6.2.2",
        "@lezer/common": "^1.0.0",
        "@lezer/css": "^1.1.0",
        "@lezer/html": "^1.3.0"
      }
    },
    "node_modules/@codemirror/lang-javascript": {
      "version": "6.1.4",
      "resolved": "https://registry.npmjs.org/@codemirror/lang-javascript/-/lang-javascript-6.1.4.tgz",
      "integrity": "sha512-OxLf7OfOZBTMRMi6BO/F72MNGmgOd9B0vetOLvHsDACFXayBzW8fm8aWnDM0yuy68wTK03MBf4HbjSBNRG5q7A==",
      "dependencies": {
        "@codemirror/autocomplete": "^6.0.0",
        "@codemirror/language": "^6.6.0",
        "@codemirror/lint": "^6.0.0",
        "@codemirror/state": "^6.0.0",
        "@codemirror/view": "^6.0.0",
        "@lezer/common": "^1.0.0",
        "@lezer/javascript": "^1.0.0"
      }
    },
    "node_modules/@codemirror/language": {
      "version": "6.6.0",
      "resolved": "https://registry.npmjs.org/@codemirror/language/-/language-6.6.0.tgz",
      "integrity": "sha512-cwUd6lzt3MfNYOobdjf14ZkLbJcnv4WtndYaoBkbor/vF+rCNguMPK0IRtvZJG4dsWiaWPcK8x1VijhvSxnstg==",
      "dependencies": {
        "@codemirror/state": "^6.0.0",
        "@codemirror/view": "^6.0.0",
        "@lezer/common": "^1.0.0",
        "@lezer/highlight": "^1.0.0",
        "@lezer/lr": "^1.0.0",
        "style-mod": "^4.0.0"
      }
    },
    "node_modules/@codemirror/lint": {
      "version": "6.1.1",
      "resolved": "https://registry.npmjs.org/@codemirror/lint/-/lint-6.1.1.tgz",
      "integrity": "sha512-e+M543x0NVHGayNHQzLP4XByJsvbu/ojY6+0VF2Y4Uu66Rt1nADuxNflZwECLf7gS009smIsptSUa6bUj/U/rw==",
      "dependencies": {
        "@codemirror/state": "^6.0.0",
        "@codemirror/view": "^6.0.0",
        "crelt": "^1.0.5"
      }
    },
    "node_modules/@codemirror/search": {
      "version": "6.2.3",
      "resolved": "https://registry.npmjs.org/@codemirror/search/-/search-6.2.3.tgz",
      "integrity": "sha512-V9n9233lopQhB1dyjsBK2Wc1i+8hcCqxl1wQ46c5HWWLePoe4FluV3TGHoZ04rBRlGjNyz9DTmpJErig8UE4jw==",
      "dependencies": {
        "@codemirror/state": "^6.0.0",
        "@codemirror/view": "^6.0.0",
        "crelt": "^1.0.5"
      }
    },
    "node_modules/@codemirror/state": {
      "version": "6.2.0",
      "resolved": "https://registry.npmjs.org/@codemirror/state/-/state-6.2.0.tgz",
      "integrity": "sha512-69QXtcrsc3RYtOtd+GsvczJ319udtBf1PTrr2KbLWM/e2CXUPnh0Nz9AUo8WfhSQ7GeL8dPVNUmhQVgpmuaNGA=="
    },
    "node_modules/@codemirror/view": {
      "version": "6.9.1",
      "resolved": "https://registry.npmjs.org/@codemirror/view/-/view-6.9.1.tgz",
      "integrity": "sha512-bzfSjJn9dAADVpabLKWKNmMG4ibyTV2e3eOGowjElNPTdTkSbi6ixPYHm2u0ADcETfKsi2/R84Rkmi91dH9yEg==",
      "dependencies": {
        "@codemirror/state": "^6.1.4",
        "style-mod": "^4.0.0",
        "w3c-keyname": "^2.2.4"
      }
    },
    "node_modules/@esbuild/android-arm": {
      "version": "0.17.10",
      "resolved": "https://registry.npmjs.org/@esbuild/android-arm/-/android-arm-0.17.10.tgz",
      "integrity": "sha512-7YEBfZ5lSem9Tqpsz+tjbdsEshlO9j/REJrfv4DXgKTt1+/MHqGwbtlyxQuaSlMeUZLxUKBaX8wdzlTfHkmnLw==",
      "cpu": [
        "arm"
      ],
      "dev": true,
      "optional": true,
      "os": [
        "android"
      ],
      "engines": {
        "node": ">=12"
      }
    },
    "node_modules/@esbuild/android-arm64": {
      "version": "0.17.10",
      "resolved": "https://registry.npmjs.org/@esbuild/android-arm64/-/android-arm64-0.17.10.tgz",
      "integrity": "sha512-ht1P9CmvrPF5yKDtyC+z43RczVs4rrHpRqrmIuoSvSdn44Fs1n6DGlpZKdK6rM83pFLbVaSUwle8IN+TPmkv7g==",
      "cpu": [
        "arm64"
      ],
      "dev": true,
      "optional": true,
      "os": [
        "android"
      ],
      "engines": {
        "node": ">=12"
      }
    },
    "node_modules/@esbuild/android-x64": {
      "version": "0.17.10",
      "resolved": "https://registry.npmjs.org/@esbuild/android-x64/-/android-x64-0.17.10.tgz",
      "integrity": "sha512-CYzrm+hTiY5QICji64aJ/xKdN70IK8XZ6iiyq0tZkd3tfnwwSWTYH1t3m6zyaaBxkuj40kxgMyj1km/NqdjQZA==",
      "cpu": [
        "x64"
      ],
      "dev": true,
      "optional": true,
      "os": [
        "android"
      ],
      "engines": {
        "node": ">=12"
      }
    },
    "node_modules/@esbuild/darwin-arm64": {
      "version": "0.17.10",
      "resolved": "https://registry.npmjs.org/@esbuild/darwin-arm64/-/darwin-arm64-0.17.10.tgz",
      "integrity": "sha512-3HaGIowI+nMZlopqyW6+jxYr01KvNaLB5znXfbyyjuo4lE0VZfvFGcguIJapQeQMS4cX/NEispwOekJt3gr5Dg==",
      "cpu": [
        "arm64"
      ],
      "dev": true,
      "optional": true,
      "os": [
        "darwin"
      ],
      "engines": {
        "node": ">=12"
      }
    },
    "node_modules/@esbuild/darwin-x64": {
      "version": "0.17.10",
      "resolved": "https://registry.npmjs.org/@esbuild/darwin-x64/-/darwin-x64-0.17.10.tgz",
      "integrity": "sha512-J4MJzGchuCRG5n+B4EHpAMoJmBeAE1L3wGYDIN5oWNqX0tEr7VKOzw0ymSwpoeSpdCa030lagGUfnfhS7OvzrQ==",
      "cpu": [
        "x64"
      ],
      "dev": true,
      "optional": true,
      "os": [
        "darwin"
      ],
      "engines": {
        "node": ">=12"
      }
    },
    "node_modules/@esbuild/freebsd-arm64": {
      "version": "0.17.10",
      "resolved": "https://registry.npmjs.org/@esbuild/freebsd-arm64/-/freebsd-arm64-0.17.10.tgz",
      "integrity": "sha512-ZkX40Z7qCbugeK4U5/gbzna/UQkM9d9LNV+Fro8r7HA7sRof5Rwxc46SsqeMvB5ZaR0b1/ITQ/8Y1NmV2F0fXQ==",
      "cpu": [
        "arm64"
      ],
      "dev": true,
      "optional": true,
      "os": [
        "freebsd"
      ],
      "engines": {
        "node": ">=12"
      }
    },
    "node_modules/@esbuild/freebsd-x64": {
      "version": "0.17.10",
      "resolved": "https://registry.npmjs.org/@esbuild/freebsd-x64/-/freebsd-x64-0.17.10.tgz",
      "integrity": "sha512-0m0YX1IWSLG9hWh7tZa3kdAugFbZFFx9XrvfpaCMMvrswSTvUZypp0NFKriUurHpBA3xsHVE9Qb/0u2Bbi/otg==",
      "cpu": [
        "x64"
      ],
      "dev": true,
      "optional": true,
      "os": [
        "freebsd"
      ],
      "engines": {
        "node": ">=12"
      }
    },
    "node_modules/@esbuild/linux-arm": {
      "version": "0.17.10",
      "resolved": "https://registry.npmjs.org/@esbuild/linux-arm/-/linux-arm-0.17.10.tgz",
      "integrity": "sha512-whRdrrl0X+9D6o5f0sTZtDM9s86Xt4wk1bf7ltx6iQqrIIOH+sre1yjpcCdrVXntQPCNw/G+XqsD4HuxeS+2QA==",
      "cpu": [
        "arm"
      ],
      "dev": true,
      "optional": true,
      "os": [
        "linux"
      ],
      "engines": {
        "node": ">=12"
      }
    },
    "node_modules/@esbuild/linux-arm64": {
      "version": "0.17.10",
      "resolved": "https://registry.npmjs.org/@esbuild/linux-arm64/-/linux-arm64-0.17.10.tgz",
      "integrity": "sha512-g1EZJR1/c+MmCgVwpdZdKi4QAJ8DCLP5uTgLWSAVd9wlqk9GMscaNMEViG3aE1wS+cNMzXXgdWiW/VX4J+5nTA==",
      "cpu": [
        "arm64"
      ],
      "dev": true,
      "optional": true,
      "os": [
        "linux"
      ],
      "engines": {
        "node": ">=12"
      }
    },
    "node_modules/@esbuild/linux-ia32": {
      "version": "0.17.10",
      "resolved": "https://registry.npmjs.org/@esbuild/linux-ia32/-/linux-ia32-0.17.10.tgz",
      "integrity": "sha512-1vKYCjfv/bEwxngHERp7huYfJ4jJzldfxyfaF7hc3216xiDA62xbXJfRlradiMhGZbdNLj2WA1YwYFzs9IWNPw==",
      "cpu": [
        "ia32"
      ],
      "dev": true,
      "optional": true,
      "os": [
        "linux"
      ],
      "engines": {
        "node": ">=12"
      }
    },
    "node_modules/@esbuild/linux-loong64": {
      "version": "0.17.10",
      "resolved": "https://registry.npmjs.org/@esbuild/linux-loong64/-/linux-loong64-0.17.10.tgz",
      "integrity": "sha512-mvwAr75q3Fgc/qz3K6sya3gBmJIYZCgcJ0s7XshpoqIAIBszzfXsqhpRrRdVFAyV1G9VUjj7VopL2HnAS8aHFA==",
      "cpu": [
        "loong64"
      ],
      "dev": true,
      "optional": true,
      "os": [
        "linux"
      ],
      "engines": {
        "node": ">=12"
      }
    },
    "node_modules/@esbuild/linux-mips64el": {
      "version": "0.17.10",
      "resolved": "https://registry.npmjs.org/@esbuild/linux-mips64el/-/linux-mips64el-0.17.10.tgz",
      "integrity": "sha512-XilKPgM2u1zR1YuvCsFQWl9Fc35BqSqktooumOY2zj7CSn5czJn279j9TE1JEqSqz88izJo7yE4x3LSf7oxHzg==",
      "cpu": [
        "mips64el"
      ],
      "dev": true,
      "optional": true,
      "os": [
        "linux"
      ],
      "engines": {
        "node": ">=12"
      }
    },
    "node_modules/@esbuild/linux-ppc64": {
      "version": "0.17.10",
      "resolved": "https://registry.npmjs.org/@esbuild/linux-ppc64/-/linux-ppc64-0.17.10.tgz",
      "integrity": "sha512-kM4Rmh9l670SwjlGkIe7pYWezk8uxKHX4Lnn5jBZYBNlWpKMBCVfpAgAJqp5doLobhzF3l64VZVrmGeZ8+uKmQ==",
      "cpu": [
        "ppc64"
      ],
      "dev": true,
      "optional": true,
      "os": [
        "linux"
      ],
      "engines": {
        "node": ">=12"
      }
    },
    "node_modules/@esbuild/linux-riscv64": {
      "version": "0.17.10",
      "resolved": "https://registry.npmjs.org/@esbuild/linux-riscv64/-/linux-riscv64-0.17.10.tgz",
      "integrity": "sha512-r1m9ZMNJBtOvYYGQVXKy+WvWd0BPvSxMsVq8Hp4GzdMBQvfZRvRr5TtX/1RdN6Va8JMVQGpxqde3O+e8+khNJQ==",
      "cpu": [
        "riscv64"
      ],
      "dev": true,
      "optional": true,
      "os": [
        "linux"
      ],
      "engines": {
        "node": ">=12"
      }
    },
    "node_modules/@esbuild/linux-s390x": {
      "version": "0.17.10",
      "resolved": "https://registry.npmjs.org/@esbuild/linux-s390x/-/linux-s390x-0.17.10.tgz",
      "integrity": "sha512-LsY7QvOLPw9WRJ+fU5pNB3qrSfA00u32ND5JVDrn/xG5hIQo3kvTxSlWFRP0NJ0+n6HmhPGG0Q4jtQsb6PFoyg==",
      "cpu": [
        "s390x"
      ],
      "dev": true,
      "optional": true,
      "os": [
        "linux"
      ],
      "engines": {
        "node": ">=12"
      }
    },
    "node_modules/@esbuild/linux-x64": {
      "version": "0.17.10",
      "resolved": "https://registry.npmjs.org/@esbuild/linux-x64/-/linux-x64-0.17.10.tgz",
      "integrity": "sha512-zJUfJLebCYzBdIz/Z9vqwFjIA7iSlLCFvVi7glMgnu2MK7XYigwsonXshy9wP9S7szF+nmwrelNaP3WGanstEg==",
      "cpu": [
        "x64"
      ],
      "dev": true,
      "optional": true,
      "os": [
        "linux"
      ],
      "engines": {
        "node": ">=12"
      }
    },
    "node_modules/@esbuild/netbsd-x64": {
      "version": "0.17.10",
      "resolved": "https://registry.npmjs.org/@esbuild/netbsd-x64/-/netbsd-x64-0.17.10.tgz",
      "integrity": "sha512-lOMkailn4Ok9Vbp/q7uJfgicpDTbZFlXlnKT2DqC8uBijmm5oGtXAJy2ZZVo5hX7IOVXikV9LpCMj2U8cTguWA==",
      "cpu": [
        "x64"
      ],
      "dev": true,
      "optional": true,
      "os": [
        "netbsd"
      ],
      "engines": {
        "node": ">=12"
      }
    },
    "node_modules/@esbuild/openbsd-x64": {
      "version": "0.17.10",
      "resolved": "https://registry.npmjs.org/@esbuild/openbsd-x64/-/openbsd-x64-0.17.10.tgz",
      "integrity": "sha512-/VE0Kx6y7eekqZ+ZLU4AjMlB80ov9tEz4H067Y0STwnGOYL8CsNg4J+cCmBznk1tMpxMoUOf0AbWlb1d2Pkbig==",
      "cpu": [
        "x64"
      ],
      "dev": true,
      "optional": true,
      "os": [
        "openbsd"
      ],
      "engines": {
        "node": ">=12"
      }
    },
    "node_modules/@esbuild/sunos-x64": {
      "version": "0.17.10",
      "resolved": "https://registry.npmjs.org/@esbuild/sunos-x64/-/sunos-x64-0.17.10.tgz",
      "integrity": "sha512-ERNO0838OUm8HfUjjsEs71cLjLMu/xt6bhOlxcJ0/1MG3hNqCmbWaS+w/8nFLa0DDjbwZQuGKVtCUJliLmbVgg==",
      "cpu": [
        "x64"
      ],
      "dev": true,
      "optional": true,
      "os": [
        "sunos"
      ],
      "engines": {
        "node": ">=12"
      }
    },
    "node_modules/@esbuild/win32-arm64": {
      "version": "0.17.10",
      "resolved": "https://registry.npmjs.org/@esbuild/win32-arm64/-/win32-arm64-0.17.10.tgz",
      "integrity": "sha512-fXv+L+Bw2AeK+XJHwDAQ9m3NRlNemG6Z6ijLwJAAVdu4cyoFbBWbEtyZzDeL+rpG2lWI51cXeMt70HA8g2MqIg==",
      "cpu": [
        "arm64"
      ],
      "dev": true,
      "optional": true,
      "os": [
        "win32"
      ],
      "engines": {
        "node": ">=12"
      }
    },
    "node_modules/@esbuild/win32-ia32": {
      "version": "0.17.10",
      "resolved": "https://registry.npmjs.org/@esbuild/win32-ia32/-/win32-ia32-0.17.10.tgz",
      "integrity": "sha512-3s+HADrOdCdGOi5lnh5DMQEzgbsFsd4w57L/eLKKjMnN0CN4AIEP0DCP3F3N14xnxh3ruNc32A0Na9zYe1Z/AQ==",
      "cpu": [
        "ia32"
      ],
      "dev": true,
      "optional": true,
      "os": [
        "win32"
      ],
      "engines": {
        "node": ">=12"
      }
    },
    "node_modules/@esbuild/win32-x64": {
      "version": "0.17.10",
      "resolved": "https://registry.npmjs.org/@esbuild/win32-x64/-/win32-x64-0.17.10.tgz",
      "integrity": "sha512-oP+zFUjYNaMNmjTwlFtWep85hvwUu19cZklB3QsBOcZSs6y7hmH4LNCJ7075bsqzYaNvZFXJlAVaQ2ApITDXtw==",
      "cpu": [
        "x64"
      ],
      "dev": true,
      "optional": true,
      "os": [
        "win32"
      ],
      "engines": {
        "node": ">=12"
      }
    },
    "node_modules/@jam-do/jam-tools": {
      "version": "0.0.4",
      "resolved": "https://registry.npmjs.org/@jam-do/jam-tools/-/jam-tools-0.0.4.tgz",
      "integrity": "sha512-+DohWjqzjVs9/0MWfGe7zbLCst8f6U2K2ytdj9V3weKTvyWPNfo/OTEBhr6aTfyLIAuGmjgKt5jIuTnrV0VZCw=="
    },
    "node_modules/@lezer/common": {
      "version": "1.0.2",
      "resolved": "https://registry.npmjs.org/@lezer/common/-/common-1.0.2.tgz",
      "integrity": "sha512-SVgiGtMnMnW3ActR8SXgsDhw7a0w0ChHSYAyAUxxrOiJ1OqYWEKk/xJd84tTSPo1mo6DXLObAJALNnd0Hrv7Ng=="
    },
    "node_modules/@lezer/css": {
      "version": "1.1.1",
      "resolved": "https://registry.npmjs.org/@lezer/css/-/css-1.1.1.tgz",
      "integrity": "sha512-mSjx+unLLapEqdOYDejnGBokB5+AiJKZVclmud0MKQOKx3DLJ5b5VTCstgDDknR6iIV4gVrN6euzsCnj0A2gQA==",
      "dependencies": {
        "@lezer/highlight": "^1.0.0",
        "@lezer/lr": "^1.0.0"
      }
    },
    "node_modules/@lezer/highlight": {
      "version": "1.1.3",
      "resolved": "https://registry.npmjs.org/@lezer/highlight/-/highlight-1.1.3.tgz",
      "integrity": "sha512-3vLKLPThO4td43lYRBygmMY18JN3CPh9w+XS2j8WC30vR4yZeFG4z1iFe4jXE43NtGqe//zHW5q8ENLlHvz9gw==",
      "dependencies": {
        "@lezer/common": "^1.0.0"
      }
    },
    "node_modules/@lezer/html": {
      "version": "1.3.3",
      "resolved": "https://registry.npmjs.org/@lezer/html/-/html-1.3.3.tgz",
      "integrity": "sha512-04Fyvu66DjV2EjhDIG1kfDdktn5Pfw56SXPrzKNQH5B2m7BDfc6bDsz+ZJG8dLS3kIPEKbyyq1Sm2/kjeG0+AA==",
      "dependencies": {
        "@lezer/common": "^1.0.0",
        "@lezer/highlight": "^1.0.0",
        "@lezer/lr": "^1.0.0"
      }
    },
    "node_modules/@lezer/javascript": {
      "version": "1.4.1",
      "resolved": "https://registry.npmjs.org/@lezer/javascript/-/javascript-1.4.1.tgz",
      "integrity": "sha512-Hqx36DJeYhKtdpc7wBYPR0XF56ZzIp0IkMO/zNNj80xcaFOV4Oj/P7TQc/8k2TxNhzl7tV5tXS8ZOCPbT4L3nA==",
      "dependencies": {
        "@lezer/highlight": "^1.1.3",
        "@lezer/lr": "^1.3.0"
      }
    },
    "node_modules/@lezer/lr": {
      "version": "1.3.3",
      "resolved": "https://registry.npmjs.org/@lezer/lr/-/lr-1.3.3.tgz",
      "integrity": "sha512-JPQe3mwJlzEVqy67iQiiGozhcngbO8QBgpqZM6oL1Wj/dXckrEexpBLeFkq0edtW5IqnPRFxA24BHJni8Js69w==",
      "dependencies": {
        "@lezer/common": "^1.0.0"
      }
    },
    "node_modules/@symbiotejs/symbiote": {
      "version": "1.11.6",
      "resolved": "https://registry.npmjs.org/@symbiotejs/symbiote/-/symbiote-1.11.6.tgz",
      "integrity": "sha512-8uqc0jTzowiUHoeHGPRo2mdTSRAd3eRlOcX+kj+Mk1PmWPchVVL2jCrgrEEqvW0h2ACpHHj/GQ7zVFwz0Y7r+Q==",
      "dev": true
    },
    "node_modules/@types/node": {
      "version": "18.7.23",
      "resolved": "https://registry.npmjs.org/@types/node/-/node-18.7.23.tgz",
      "integrity": "sha512-DWNcCHolDq0ZKGizjx2DZjR/PqsYwAcYUJmfMWqtVU2MBMG5Mo+xFZrhGId5r/O5HOuMPyQEcM6KUBp5lBZZBg=="
    },
    "node_modules/codemirror": {
      "version": "6.0.1",
      "resolved": "https://registry.npmjs.org/codemirror/-/codemirror-6.0.1.tgz",
      "integrity": "sha512-J8j+nZ+CdWmIeFIGXEFbFPtpiYacFMDR8GlHK3IyHQJMCaVRfGx9NT+Hxivv1ckLWPvNdZqndbr/7lVhrf/Svg==",
      "dependencies": {
        "@codemirror/autocomplete": "^6.0.0",
        "@codemirror/commands": "^6.0.0",
        "@codemirror/language": "^6.0.0",
        "@codemirror/lint": "^6.0.0",
        "@codemirror/search": "^6.0.0",
        "@codemirror/state": "^6.0.0",
        "@codemirror/view": "^6.0.0"
      }
    },
    "node_modules/crelt": {
      "version": "1.0.5",
      "resolved": "https://registry.npmjs.org/crelt/-/crelt-1.0.5.tgz",
      "integrity": "sha512-+BO9wPPi+DWTDcNYhr/W90myha8ptzftZT+LwcmUbbok0rcP/fequmFYCw8NMoH7pkAZQzU78b3kYrlua5a9eA=="
    },
    "node_modules/esbuild": {
      "version": "0.17.10",
      "resolved": "https://registry.npmjs.org/esbuild/-/esbuild-0.17.10.tgz",
      "integrity": "sha512-n7V3v29IuZy5qgxx25TKJrEm0FHghAlS6QweUcyIgh/U0zYmQcvogWROitrTyZId1mHSkuhhuyEXtI9OXioq7A==",
      "dev": true,
      "hasInstallScript": true,
      "bin": {
        "esbuild": "bin/esbuild"
      },
      "engines": {
        "node": ">=12"
      },
      "optionalDependencies": {
        "@esbuild/android-arm": "0.17.10",
        "@esbuild/android-arm64": "0.17.10",
        "@esbuild/android-x64": "0.17.10",
        "@esbuild/darwin-arm64": "0.17.10",
        "@esbuild/darwin-x64": "0.17.10",
        "@esbuild/freebsd-arm64": "0.17.10",
        "@esbuild/freebsd-x64": "0.17.10",
        "@esbuild/linux-arm": "0.17.10",
        "@esbuild/linux-arm64": "0.17.10",
        "@esbuild/linux-ia32": "0.17.10",
        "@esbuild/linux-loong64": "0.17.10",
        "@esbuild/linux-mips64el": "0.17.10",
        "@esbuild/linux-ppc64": "0.17.10",
        "@esbuild/linux-riscv64": "0.17.10",
        "@esbuild/linux-s390x": "0.17.10",
        "@esbuild/linux-x64": "0.17.10",
        "@esbuild/netbsd-x64": "0.17.10",
        "@esbuild/openbsd-x64": "0.17.10",
        "@esbuild/sunos-x64": "0.17.10",
        "@esbuild/win32-arm64": "0.17.10",
        "@esbuild/win32-ia32": "0.17.10",
        "@esbuild/win32-x64": "0.17.10"
      }
    },
    "node_modules/highlight.js": {
      "version": "11.6.0",
      "resolved": "https://registry.npmjs.org/highlight.js/-/highlight.js-11.6.0.tgz",
      "integrity": "sha512-ig1eqDzJaB0pqEvlPVIpSSyMaO92bH1N2rJpLMN/nX396wTpDA4Eq0uK+7I/2XG17pFaaKE0kjV/XPeGt7Evjw==",
      "engines": {
        "node": ">=12.0.0"
      }
    },
    "node_modules/marked": {
      "version": "4.1.0",
      "resolved": "https://registry.npmjs.org/marked/-/marked-4.1.0.tgz",
      "integrity": "sha512-+Z6KDjSPa6/723PQYyc1axYZpYYpDnECDaU6hkaf5gqBieBkMKYReL5hteF2QizhlMbgbo8umXl/clZ67+GlsA==",
      "bin": {
        "marked": "bin/marked.js"
      },
      "engines": {
        "node": ">= 12"
      }
    },
    "node_modules/style-mod": {
      "version": "4.0.0",
      "resolved": "https://registry.npmjs.org/style-mod/-/style-mod-4.0.0.tgz",
      "integrity": "sha512-OPhtyEjyyN9x3nhPsu76f52yUGXiZcgvsrFVtvTkyGRQJ0XK+GPc6ov1z+lRpbeabka+MYEQxOYRnt5nF30aMw=="
    },
    "node_modules/w3c-keyname": {
      "version": "2.2.6",
      "resolved": "https://registry.npmjs.org/w3c-keyname/-/w3c-keyname-2.2.6.tgz",
      "integrity": "sha512-f+fciywl1SJEniZHD6H+kUO8gOnwIr7f4ijKA6+ZvJFjeGi1r4PDLl53Ayud9O/rk64RqgoQine0feoeOU0kXg=="
    }
  },
  "dependencies": {
    "@codemirror/autocomplete": {
      "version": "6.4.2",
      "resolved": "https://registry.npmjs.org/@codemirror/autocomplete/-/autocomplete-6.4.2.tgz",
      "integrity": "sha512-8WE2xp+D0MpWEv5lZ6zPW1/tf4AGb358T5GWYiKEuCP8MvFfT3tH2mIF9Y2yr2e3KbHuSvsVhosiEyqCpiJhZQ==",
      "requires": {
        "@codemirror/language": "^6.0.0",
        "@codemirror/state": "^6.0.0",
        "@codemirror/view": "^6.6.0",
        "@lezer/common": "^1.0.0"
      }
    },
    "@codemirror/commands": {
      "version": "6.2.1",
      "resolved": "https://registry.npmjs.org/@codemirror/commands/-/commands-6.2.1.tgz",
      "integrity": "sha512-FFiNKGuHA5O8uC6IJE5apI5rT9gyjlw4whqy4vlcX0wE/myxL6P1s0upwDhY4HtMWLOwzwsp0ap3bjdQhvfDOA==",
      "requires": {
        "@codemirror/language": "^6.0.0",
        "@codemirror/state": "^6.2.0",
        "@codemirror/view": "^6.0.0",
        "@lezer/common": "^1.0.0"
      }
    },
    "@codemirror/lang-css": {
      "version": "6.0.2",
      "resolved": "https://registry.npmjs.org/@codemirror/lang-css/-/lang-css-6.0.2.tgz",
      "integrity": "sha512-4V4zmUOl2Glx0GWw0HiO1oGD4zvMlIQ3zx5hXOE6ipCjhohig2bhWRAasrZylH9pRNTcl1VMa59Lsl8lZWlTzw==",
      "requires": {
        "@codemirror/autocomplete": "^6.0.0",
        "@codemirror/language": "^6.0.0",
        "@codemirror/state": "^6.0.0",
        "@lezer/css": "^1.0.0"
      }
    },
    "@codemirror/lang-html": {
      "version": "6.4.2",
      "resolved": "https://registry.npmjs.org/@codemirror/lang-html/-/lang-html-6.4.2.tgz",
      "integrity": "sha512-bqCBASkteKySwtIbiV/WCtGnn/khLRbbiV5TE+d9S9eQJD7BA4c5dTRm2b3bVmSpilff5EYxvB4PQaZzM/7cNw==",
      "requires": {
        "@codemirror/autocomplete": "^6.0.0",
        "@codemirror/lang-css": "^6.0.0",
        "@codemirror/lang-javascript": "^6.0.0",
        "@codemirror/language": "^6.4.0",
        "@codemirror/state": "^6.0.0",
        "@codemirror/view": "^6.2.2",
        "@lezer/common": "^1.0.0",
        "@lezer/css": "^1.1.0",
        "@lezer/html": "^1.3.0"
      }
    },
    "@codemirror/lang-javascript": {
      "version": "6.1.4",
      "resolved": "https://registry.npmjs.org/@codemirror/lang-javascript/-/lang-javascript-6.1.4.tgz",
      "integrity": "sha512-OxLf7OfOZBTMRMi6BO/F72MNGmgOd9B0vetOLvHsDACFXayBzW8fm8aWnDM0yuy68wTK03MBf4HbjSBNRG5q7A==",
      "requires": {
        "@codemirror/autocomplete": "^6.0.0",
        "@codemirror/language": "^6.6.0",
        "@codemirror/lint": "^6.0.0",
        "@codemirror/state": "^6.0.0",
        "@codemirror/view": "^6.0.0",
        "@lezer/common": "^1.0.0",
        "@lezer/javascript": "^1.0.0"
      }
    },
    "@codemirror/language": {
      "version": "6.6.0",
      "resolved": "https://registry.npmjs.org/@codemirror/language/-/language-6.6.0.tgz",
      "integrity": "sha512-cwUd6lzt3MfNYOobdjf14ZkLbJcnv4WtndYaoBkbor/vF+rCNguMPK0IRtvZJG4dsWiaWPcK8x1VijhvSxnstg==",
      "requires": {
        "@codemirror/state": "^6.0.0",
        "@codemirror/view": "^6.0.0",
        "@lezer/common": "^1.0.0",
        "@lezer/highlight": "^1.0.0",
        "@lezer/lr": "^1.0.0",
        "style-mod": "^4.0.0"
      }
    },
    "@codemirror/lint": {
      "version": "6.1.1",
      "resolved": "https://registry.npmjs.org/@codemirror/lint/-/lint-6.1.1.tgz",
      "integrity": "sha512-e+M543x0NVHGayNHQzLP4XByJsvbu/ojY6+0VF2Y4Uu66Rt1nADuxNflZwECLf7gS009smIsptSUa6bUj/U/rw==",
      "requires": {
        "@codemirror/state": "^6.0.0",
        "@codemirror/view": "^6.0.0",
        "crelt": "^1.0.5"
      }
    },
    "@codemirror/search": {
      "version": "6.2.3",
      "resolved": "https://registry.npmjs.org/@codemirror/search/-/search-6.2.3.tgz",
      "integrity": "sha512-V9n9233lopQhB1dyjsBK2Wc1i+8hcCqxl1wQ46c5HWWLePoe4FluV3TGHoZ04rBRlGjNyz9DTmpJErig8UE4jw==",
      "requires": {
        "@codemirror/state": "^6.0.0",
        "@codemirror/view": "^6.0.0",
        "crelt": "^1.0.5"
      }
    },
    "@codemirror/state": {
      "version": "6.2.0",
      "resolved": "https://registry.npmjs.org/@codemirror/state/-/state-6.2.0.tgz",
      "integrity": "sha512-69QXtcrsc3RYtOtd+GsvczJ319udtBf1PTrr2KbLWM/e2CXUPnh0Nz9AUo8WfhSQ7GeL8dPVNUmhQVgpmuaNGA=="
    },
    "@codemirror/view": {
      "version": "6.9.1",
      "resolved": "https://registry.npmjs.org/@codemirror/view/-/view-6.9.1.tgz",
      "integrity": "sha512-bzfSjJn9dAADVpabLKWKNmMG4ibyTV2e3eOGowjElNPTdTkSbi6ixPYHm2u0ADcETfKsi2/R84Rkmi91dH9yEg==",
      "requires": {
        "@codemirror/state": "^6.1.4",
        "style-mod": "^4.0.0",
        "w3c-keyname": "^2.2.4"
      }
    },
    "@esbuild/android-arm": {
      "version": "0.17.10",
      "resolved": "https://registry.npmjs.org/@esbuild/android-arm/-/android-arm-0.17.10.tgz",
      "integrity": "sha512-7YEBfZ5lSem9Tqpsz+tjbdsEshlO9j/REJrfv4DXgKTt1+/MHqGwbtlyxQuaSlMeUZLxUKBaX8wdzlTfHkmnLw==",
      "dev": true,
      "optional": true
    },
    "@esbuild/android-arm64": {
      "version": "0.17.10",
      "resolved": "https://registry.npmjs.org/@esbuild/android-arm64/-/android-arm64-0.17.10.tgz",
      "integrity": "sha512-ht1P9CmvrPF5yKDtyC+z43RczVs4rrHpRqrmIuoSvSdn44Fs1n6DGlpZKdK6rM83pFLbVaSUwle8IN+TPmkv7g==",
      "dev": true,
      "optional": true
    },
    "@esbuild/android-x64": {
      "version": "0.17.10",
      "resolved": "https://registry.npmjs.org/@esbuild/android-x64/-/android-x64-0.17.10.tgz",
      "integrity": "sha512-CYzrm+hTiY5QICji64aJ/xKdN70IK8XZ6iiyq0tZkd3tfnwwSWTYH1t3m6zyaaBxkuj40kxgMyj1km/NqdjQZA==",
      "dev": true,
      "optional": true
    },
    "@esbuild/darwin-arm64": {
      "version": "0.17.10",
      "resolved": "https://registry.npmjs.org/@esbuild/darwin-arm64/-/darwin-arm64-0.17.10.tgz",
      "integrity": "sha512-3HaGIowI+nMZlopqyW6+jxYr01KvNaLB5znXfbyyjuo4lE0VZfvFGcguIJapQeQMS4cX/NEispwOekJt3gr5Dg==",
      "dev": true,
      "optional": true
    },
    "@esbuild/darwin-x64": {
      "version": "0.17.10",
      "resolved": "https://registry.npmjs.org/@esbuild/darwin-x64/-/darwin-x64-0.17.10.tgz",
      "integrity": "sha512-J4MJzGchuCRG5n+B4EHpAMoJmBeAE1L3wGYDIN5oWNqX0tEr7VKOzw0ymSwpoeSpdCa030lagGUfnfhS7OvzrQ==",
      "dev": true,
      "optional": true
    },
    "@esbuild/freebsd-arm64": {
      "version": "0.17.10",
      "resolved": "https://registry.npmjs.org/@esbuild/freebsd-arm64/-/freebsd-arm64-0.17.10.tgz",
      "integrity": "sha512-ZkX40Z7qCbugeK4U5/gbzna/UQkM9d9LNV+Fro8r7HA7sRof5Rwxc46SsqeMvB5ZaR0b1/ITQ/8Y1NmV2F0fXQ==",
      "dev": true,
      "optional": true
    },
    "@esbuild/freebsd-x64": {
      "version": "0.17.10",
      "resolved": "https://registry.npmjs.org/@esbuild/freebsd-x64/-/freebsd-x64-0.17.10.tgz",
      "integrity": "sha512-0m0YX1IWSLG9hWh7tZa3kdAugFbZFFx9XrvfpaCMMvrswSTvUZypp0NFKriUurHpBA3xsHVE9Qb/0u2Bbi/otg==",
      "dev": true,
      "optional": true
    },
    "@esbuild/linux-arm": {
      "version": "0.17.10",
      "resolved": "https://registry.npmjs.org/@esbuild/linux-arm/-/linux-arm-0.17.10.tgz",
      "integrity": "sha512-whRdrrl0X+9D6o5f0sTZtDM9s86Xt4wk1bf7ltx6iQqrIIOH+sre1yjpcCdrVXntQPCNw/G+XqsD4HuxeS+2QA==",
      "dev": true,
      "optional": true
    },
    "@esbuild/linux-arm64": {
      "version": "0.17.10",
      "resolved": "https://registry.npmjs.org/@esbuild/linux-arm64/-/linux-arm64-0.17.10.tgz",
      "integrity": "sha512-g1EZJR1/c+MmCgVwpdZdKi4QAJ8DCLP5uTgLWSAVd9wlqk9GMscaNMEViG3aE1wS+cNMzXXgdWiW/VX4J+5nTA==",
      "dev": true,
      "optional": true
    },
    "@esbuild/linux-ia32": {
      "version": "0.17.10",
      "resolved": "https://registry.npmjs.org/@esbuild/linux-ia32/-/linux-ia32-0.17.10.tgz",
      "integrity": "sha512-1vKYCjfv/bEwxngHERp7huYfJ4jJzldfxyfaF7hc3216xiDA62xbXJfRlradiMhGZbdNLj2WA1YwYFzs9IWNPw==",
      "dev": true,
      "optional": true
    },
    "@esbuild/linux-loong64": {
      "version": "0.17.10",
      "resolved": "https://registry.npmjs.org/@esbuild/linux-loong64/-/linux-loong64-0.17.10.tgz",
      "integrity": "sha512-mvwAr75q3Fgc/qz3K6sya3gBmJIYZCgcJ0s7XshpoqIAIBszzfXsqhpRrRdVFAyV1G9VUjj7VopL2HnAS8aHFA==",
      "dev": true,
      "optional": true
    },
    "@esbuild/linux-mips64el": {
      "version": "0.17.10",
      "resolved": "https://registry.npmjs.org/@esbuild/linux-mips64el/-/linux-mips64el-0.17.10.tgz",
      "integrity": "sha512-XilKPgM2u1zR1YuvCsFQWl9Fc35BqSqktooumOY2zj7CSn5czJn279j9TE1JEqSqz88izJo7yE4x3LSf7oxHzg==",
      "dev": true,
      "optional": true
    },
    "@esbuild/linux-ppc64": {
      "version": "0.17.10",
      "resolved": "https://registry.npmjs.org/@esbuild/linux-ppc64/-/linux-ppc64-0.17.10.tgz",
      "integrity": "sha512-kM4Rmh9l670SwjlGkIe7pYWezk8uxKHX4Lnn5jBZYBNlWpKMBCVfpAgAJqp5doLobhzF3l64VZVrmGeZ8+uKmQ==",
      "dev": true,
      "optional": true
    },
    "@esbuild/linux-riscv64": {
      "version": "0.17.10",
      "resolved": "https://registry.npmjs.org/@esbuild/linux-riscv64/-/linux-riscv64-0.17.10.tgz",
      "integrity": "sha512-r1m9ZMNJBtOvYYGQVXKy+WvWd0BPvSxMsVq8Hp4GzdMBQvfZRvRr5TtX/1RdN6Va8JMVQGpxqde3O+e8+khNJQ==",
      "dev": true,
      "optional": true
    },
    "@esbuild/linux-s390x": {
      "version": "0.17.10",
      "resolved": "https://registry.npmjs.org/@esbuild/linux-s390x/-/linux-s390x-0.17.10.tgz",
      "integrity": "sha512-LsY7QvOLPw9WRJ+fU5pNB3qrSfA00u32ND5JVDrn/xG5hIQo3kvTxSlWFRP0NJ0+n6HmhPGG0Q4jtQsb6PFoyg==",
      "dev": true,
      "optional": true
    },
    "@esbuild/linux-x64": {
      "version": "0.17.10",
      "resolved": "https://registry.npmjs.org/@esbuild/linux-x64/-/linux-x64-0.17.10.tgz",
      "integrity": "sha512-zJUfJLebCYzBdIz/Z9vqwFjIA7iSlLCFvVi7glMgnu2MK7XYigwsonXshy9wP9S7szF+nmwrelNaP3WGanstEg==",
      "dev": true,
      "optional": true
    },
    "@esbuild/netbsd-x64": {
      "version": "0.17.10",
      "resolved": "https://registry.npmjs.org/@esbuild/netbsd-x64/-/netbsd-x64-0.17.10.tgz",
      "integrity": "sha512-lOMkailn4Ok9Vbp/q7uJfgicpDTbZFlXlnKT2DqC8uBijmm5oGtXAJy2ZZVo5hX7IOVXikV9LpCMj2U8cTguWA==",
      "dev": true,
      "optional": true
    },
    "@esbuild/openbsd-x64": {
      "version": "0.17.10",
      "resolved": "https://registry.npmjs.org/@esbuild/openbsd-x64/-/openbsd-x64-0.17.10.tgz",
      "integrity": "sha512-/VE0Kx6y7eekqZ+ZLU4AjMlB80ov9tEz4H067Y0STwnGOYL8CsNg4J+cCmBznk1tMpxMoUOf0AbWlb1d2Pkbig==",
      "dev": true,
      "optional": true
    },
    "@esbuild/sunos-x64": {
      "version": "0.17.10",
      "resolved": "https://registry.npmjs.org/@esbuild/sunos-x64/-/sunos-x64-0.17.10.tgz",
      "integrity": "sha512-ERNO0838OUm8HfUjjsEs71cLjLMu/xt6bhOlxcJ0/1MG3hNqCmbWaS+w/8nFLa0DDjbwZQuGKVtCUJliLmbVgg==",
      "dev": true,
      "optional": true
    },
    "@esbuild/win32-arm64": {
      "version": "0.17.10",
      "resolved": "https://registry.npmjs.org/@esbuild/win32-arm64/-/win32-arm64-0.17.10.tgz",
      "integrity": "sha512-fXv+L+Bw2AeK+XJHwDAQ9m3NRlNemG6Z6ijLwJAAVdu4cyoFbBWbEtyZzDeL+rpG2lWI51cXeMt70HA8g2MqIg==",
      "dev": true,
      "optional": true
    },
    "@esbuild/win32-ia32": {
      "version": "0.17.10",
      "resolved": "https://registry.npmjs.org/@esbuild/win32-ia32/-/win32-ia32-0.17.10.tgz",
      "integrity": "sha512-3s+HADrOdCdGOi5lnh5DMQEzgbsFsd4w57L/eLKKjMnN0CN4AIEP0DCP3F3N14xnxh3ruNc32A0Na9zYe1Z/AQ==",
      "dev": true,
      "optional": true
    },
    "@esbuild/win32-x64": {
      "version": "0.17.10",
      "resolved": "https://registry.npmjs.org/@esbuild/win32-x64/-/win32-x64-0.17.10.tgz",
      "integrity": "sha512-oP+zFUjYNaMNmjTwlFtWep85hvwUu19cZklB3QsBOcZSs6y7hmH4LNCJ7075bsqzYaNvZFXJlAVaQ2ApITDXtw==",
      "dev": true,
      "optional": true
    },
    "@jam-do/jam-tools": {
      "version": "0.0.4",
      "resolved": "https://registry.npmjs.org/@jam-do/jam-tools/-/jam-tools-0.0.4.tgz",
      "integrity": "sha512-+DohWjqzjVs9/0MWfGe7zbLCst8f6U2K2ytdj9V3weKTvyWPNfo/OTEBhr6aTfyLIAuGmjgKt5jIuTnrV0VZCw=="
    },
    "@lezer/common": {
      "version": "1.0.2",
      "resolved": "https://registry.npmjs.org/@lezer/common/-/common-1.0.2.tgz",
      "integrity": "sha512-SVgiGtMnMnW3ActR8SXgsDhw7a0w0ChHSYAyAUxxrOiJ1OqYWEKk/xJd84tTSPo1mo6DXLObAJALNnd0Hrv7Ng=="
    },
    "@lezer/css": {
      "version": "1.1.1",
      "resolved": "https://registry.npmjs.org/@lezer/css/-/css-1.1.1.tgz",
      "integrity": "sha512-mSjx+unLLapEqdOYDejnGBokB5+AiJKZVclmud0MKQOKx3DLJ5b5VTCstgDDknR6iIV4gVrN6euzsCnj0A2gQA==",
      "requires": {
        "@lezer/highlight": "^1.0.0",
        "@lezer/lr": "^1.0.0"
      }
    },
    "@lezer/highlight": {
      "version": "1.1.3",
      "resolved": "https://registry.npmjs.org/@lezer/highlight/-/highlight-1.1.3.tgz",
      "integrity": "sha512-3vLKLPThO4td43lYRBygmMY18JN3CPh9w+XS2j8WC30vR4yZeFG4z1iFe4jXE43NtGqe//zHW5q8ENLlHvz9gw==",
      "requires": {
        "@lezer/common": "^1.0.0"
      }
    },
    "@lezer/html": {
      "version": "1.3.3",
      "resolved": "https://registry.npmjs.org/@lezer/html/-/html-1.3.3.tgz",
      "integrity": "sha512-04Fyvu66DjV2EjhDIG1kfDdktn5Pfw56SXPrzKNQH5B2m7BDfc6bDsz+ZJG8dLS3kIPEKbyyq1Sm2/kjeG0+AA==",
      "requires": {
        "@lezer/common": "^1.0.0",
        "@lezer/highlight": "^1.0.0",
        "@lezer/lr": "^1.0.0"
      }
    },
    "@lezer/javascript": {
      "version": "1.4.1",
      "resolved": "https://registry.npmjs.org/@lezer/javascript/-/javascript-1.4.1.tgz",
      "integrity": "sha512-Hqx36DJeYhKtdpc7wBYPR0XF56ZzIp0IkMO/zNNj80xcaFOV4Oj/P7TQc/8k2TxNhzl7tV5tXS8ZOCPbT4L3nA==",
      "requires": {
        "@lezer/highlight": "^1.1.3",
        "@lezer/lr": "^1.3.0"
      }
    },
    "@lezer/lr": {
      "version": "1.3.3",
      "resolved": "https://registry.npmjs.org/@lezer/lr/-/lr-1.3.3.tgz",
      "integrity": "sha512-JPQe3mwJlzEVqy67iQiiGozhcngbO8QBgpqZM6oL1Wj/dXckrEexpBLeFkq0edtW5IqnPRFxA24BHJni8Js69w==",
      "requires": {
        "@lezer/common": "^1.0.0"
      }
    },
    "@symbiotejs/symbiote": {
      "version": "1.11.6",
      "resolved": "https://registry.npmjs.org/@symbiotejs/symbiote/-/symbiote-1.11.6.tgz",
      "integrity": "sha512-8uqc0jTzowiUHoeHGPRo2mdTSRAd3eRlOcX+kj+Mk1PmWPchVVL2jCrgrEEqvW0h2ACpHHj/GQ7zVFwz0Y7r+Q==",
      "dev": true
    },
    "@types/node": {
      "version": "18.7.23",
      "resolved": "https://registry.npmjs.org/@types/node/-/node-18.7.23.tgz",
      "integrity": "sha512-DWNcCHolDq0ZKGizjx2DZjR/PqsYwAcYUJmfMWqtVU2MBMG5Mo+xFZrhGId5r/O5HOuMPyQEcM6KUBp5lBZZBg=="
    },
    "codemirror": {
      "version": "6.0.1",
      "resolved": "https://registry.npmjs.org/codemirror/-/codemirror-6.0.1.tgz",
      "integrity": "sha512-J8j+nZ+CdWmIeFIGXEFbFPtpiYacFMDR8GlHK3IyHQJMCaVRfGx9NT+Hxivv1ckLWPvNdZqndbr/7lVhrf/Svg==",
      "requires": {
        "@codemirror/autocomplete": "^6.0.0",
        "@codemirror/commands": "^6.0.0",
        "@codemirror/language": "^6.0.0",
        "@codemirror/lint": "^6.0.0",
        "@codemirror/search": "^6.0.0",
        "@codemirror/state": "^6.0.0",
        "@codemirror/view": "^6.0.0"
      }
    },
    "crelt": {
      "version": "1.0.5",
      "resolved": "https://registry.npmjs.org/crelt/-/crelt-1.0.5.tgz",
      "integrity": "sha512-+BO9wPPi+DWTDcNYhr/W90myha8ptzftZT+LwcmUbbok0rcP/fequmFYCw8NMoH7pkAZQzU78b3kYrlua5a9eA=="
    },
    "esbuild": {
      "version": "0.17.10",
      "resolved": "https://registry.npmjs.org/esbuild/-/esbuild-0.17.10.tgz",
      "integrity": "sha512-n7V3v29IuZy5qgxx25TKJrEm0FHghAlS6QweUcyIgh/U0zYmQcvogWROitrTyZId1mHSkuhhuyEXtI9OXioq7A==",
      "dev": true,
      "requires": {
        "@esbuild/android-arm": "0.17.10",
        "@esbuild/android-arm64": "0.17.10",
        "@esbuild/android-x64": "0.17.10",
        "@esbuild/darwin-arm64": "0.17.10",
        "@esbuild/darwin-x64": "0.17.10",
        "@esbuild/freebsd-arm64": "0.17.10",
        "@esbuild/freebsd-x64": "0.17.10",
        "@esbuild/linux-arm": "0.17.10",
        "@esbuild/linux-arm64": "0.17.10",
        "@esbuild/linux-ia32": "0.17.10",
        "@esbuild/linux-loong64": "0.17.10",
        "@esbuild/linux-mips64el": "0.17.10",
        "@esbuild/linux-ppc64": "0.17.10",
        "@esbuild/linux-riscv64": "0.17.10",
        "@esbuild/linux-s390x": "0.17.10",
        "@esbuild/linux-x64": "0.17.10",
        "@esbuild/netbsd-x64": "0.17.10",
        "@esbuild/openbsd-x64": "0.17.10",
        "@esbuild/sunos-x64": "0.17.10",
        "@esbuild/win32-arm64": "0.17.10",
        "@esbuild/win32-ia32": "0.17.10",
        "@esbuild/win32-x64": "0.17.10"
      }
    },
    "highlight.js": {
      "version": "11.6.0",
      "resolved": "https://registry.npmjs.org/highlight.js/-/highlight.js-11.6.0.tgz",
      "integrity": "sha512-ig1eqDzJaB0pqEvlPVIpSSyMaO92bH1N2rJpLMN/nX396wTpDA4Eq0uK+7I/2XG17pFaaKE0kjV/XPeGt7Evjw=="
    },
    "marked": {
      "version": "4.1.0",
      "resolved": "https://registry.npmjs.org/marked/-/marked-4.1.0.tgz",
      "integrity": "sha512-+Z6KDjSPa6/723PQYyc1axYZpYYpDnECDaU6hkaf5gqBieBkMKYReL5hteF2QizhlMbgbo8umXl/clZ67+GlsA=="
    },
    "style-mod": {
      "version": "4.0.0",
      "resolved": "https://registry.npmjs.org/style-mod/-/style-mod-4.0.0.tgz",
      "integrity": "sha512-OPhtyEjyyN9x3nhPsu76f52yUGXiZcgvsrFVtvTkyGRQJ0XK+GPc6ov1z+lRpbeabka+MYEQxOYRnt5nF30aMw=="
    },
    "w3c-keyname": {
      "version": "2.2.6",
      "resolved": "https://registry.npmjs.org/w3c-keyname/-/w3c-keyname-2.2.6.tgz",
      "integrity": "sha512-f+fciywl1SJEniZHD6H+kUO8gOnwIr7f4ijKA6+ZvJFjeGi1r4PDLl53Ayud9O/rk64RqgoQine0feoeOU0kXg=="
    }
  }
}
